// !$*UTF8*$!
{
	archiveVersion = 1;
	classes = {
	};
	objectVersion = 56;
	objects = {

/* Begin PBXBuildFile section */
		996D0E6A2C0897B100CEAC6B /* AppDelegate.swift in Sources */ = {isa = PBXBuildFile; fileRef = 996D0E692C0897B100CEAC6B /* AppDelegate.swift */; };
		996D0E6C2C0897B100CEAC6B /* SceneDelegate.swift in Sources */ = {isa = PBXBuildFile; fileRef = 996D0E6B2C0897B100CEAC6B /* SceneDelegate.swift */; };
		996D0E6E2C0897B100CEAC6B /* ViewController.swift in Sources */ = {isa = PBXBuildFile; fileRef = 996D0E6D2C0897B100CEAC6B /* ViewController.swift */; };
		996D0E712C0897B100CEAC6B /* Main.storyboard in Resources */ = {isa = PBXBuildFile; fileRef = 996D0E6F2C0897B100CEAC6B /* Main.storyboard */; };
		996D0E732C0897B500CEAC6B /* Assets.xcassets in Resources */ = {isa = PBXBuildFile; fileRef = 996D0E722C0897B500CEAC6B /* Assets.xcassets */; };
		996D0E762C0897B500CEAC6B /* LaunchScreen.storyboard in Resources */ = {isa = PBXBuildFile; fileRef = 996D0E742C0897B500CEAC6B /* LaunchScreen.storyboard */; };
		996D0E822C08982900CEAC6B /* User.swift in Sources */ = {isa = PBXBuildFile; fileRef = 996D0E812C08982900CEAC6B /* User.swift */; };
		996D0E842C08984000CEAC6B /* AuthViewModel.swift in Sources */ = {isa = PBXBuildFile; fileRef = 996D0E832C08984000CEAC6B /* AuthViewModel.swift */; };
		996D0E862C0898D700CEAC6B /* AuthViewController.swift in Sources */ = {isa = PBXBuildFile; fileRef = 996D0E852C0898D700CEAC6B /* AuthViewController.swift */; };
/* End PBXBuildFile section */

/* Begin PBXFileReference section */
		996D0E662C0897B100CEAC6B /* EmirBitirme.app */ = {isa = PBXFileReference; explicitFileType = wrapper.application; includeInIndex = 0; path = EmirBitirme.app; sourceTree = BUILT_PRODUCTS_DIR; };
		996D0E692C0897B100CEAC6B /* AppDelegate.swift */ = {isa = PBXFileReference; lastKnownFileType = sourcecode.swift; path = AppDelegate.swift; sourceTree = "<group>"; };
		996D0E6B2C0897B100CEAC6B /* SceneDelegate.swift */ = {isa = PBXFileReference; lastKnownFileType = sourcecode.swift; path = SceneDelegate.swift; sourceTree = "<group>"; };
		996D0E6D2C0897B100CEAC6B /* ViewController.swift */ = {isa = PBXFileReference; lastKnownFileType = sourcecode.swift; path = ViewController.swift; sourceTree = "<group>"; };
		996D0E702C0897B100CEAC6B /* Base */ = {isa = PBXFileReference; lastKnownFileType = file.storyboard; name = Base; path = Base.lproj/Main.storyboard; sourceTree = "<group>"; };
		996D0E722C0897B500CEAC6B /* Assets.xcassets */ = {isa = PBXFileReference; lastKnownFileType = folder.assetcatalog; path = Assets.xcassets; sourceTree = "<group>"; };
		996D0E752C0897B500CEAC6B /* Base */ = {isa = PBXFileReference; lastKnownFileType = file.storyboard; name = Base; path = Base.lproj/LaunchScreen.storyboard; sourceTree = "<group>"; };
		996D0E772C0897B500CEAC6B /* Info.plist */ = {isa = PBXFileReference; lastKnownFileType = text.plist.xml; path = Info.plist; sourceTree = "<group>"; };
		996D0E812C08982900CEAC6B /* User.swift */ = {isa = PBXFileReference; lastKnownFileType = sourcecode.swift; path = User.swift; sourceTree = "<group>"; };
		996D0E832C08984000CEAC6B /* AuthViewModel.swift */ = {isa = PBXFileReference; lastKnownFileType = sourcecode.swift; path = AuthViewModel.swift; sourceTree = "<group>"; };
		996D0E852C0898D700CEAC6B /* AuthViewController.swift */ = {isa = PBXFileReference; lastKnownFileType = sourcecode.swift; path = AuthViewController.swift; sourceTree = "<group>"; };
/* End PBXFileReference section */

/* Begin PBXFrameworksBuildPhase section */
		996D0E632C0897B100CEAC6B /* Frameworks */ = {
			isa = PBXFrameworksBuildPhase;
			buildActionMask = 2147483647;
			files = (
			);
			runOnlyForDeploymentPostprocessing = 0;
		};
/* End PBXFrameworksBuildPhase section */

/* Begin PBXGroup section */
		996D0E5D2C0897B100CEAC6B = {
			isa = PBXGroup;
			children = (
				996D0E682C0897B100CEAC6B /* EmirBitirme */,
				996D0E672C0897B100CEAC6B /* Products */,
			);
			sourceTree = "<group>";
		};
		996D0E672C0897B100CEAC6B /* Products */ = {
			isa = PBXGroup;
			children = (
				996D0E662C0897B100CEAC6B /* EmirBitirme.app */,
			);
			name = Products;
			sourceTree = "<group>";
		};
		996D0E682C0897B100CEAC6B /* EmirBitirme */ = {
			isa = PBXGroup;
			children = (
				996D0E802C0897F300CEAC6B /* Controller */,
				996D0E7F2C0897E400CEAC6B /* ViewModel */,
				996D0E7E2C0897DA00CEAC6B /* View */,
				996D0E7D2C0897C200CEAC6B /* Model */,
				996D0E692C0897B100CEAC6B /* AppDelegate.swift */,
				996D0E6B2C0897B100CEAC6B /* SceneDelegate.swift */,
				996D0E6D2C0897B100CEAC6B /* ViewController.swift */,
				996D0E6F2C0897B100CEAC6B /* Main.storyboard */,
				996D0E722C0897B500CEAC6B /* Assets.xcassets */,
				996D0E742C0897B500CEAC6B /* LaunchScreen.storyboard */,
				996D0E772C0897B500CEAC6B /* Info.plist */,
			);
			path = EmirBitirme;
			sourceTree = "<group>";
		};
		996D0E7D2C0897C200CEAC6B /* Model */ = {
			isa = PBXGroup;
			children = (
				996D0E812C08982900CEAC6B /* User.swift */,
			);
			path = Model;
			sourceTree = "<group>";
		};
		996D0E7E2C0897DA00CEAC6B /* View */ = {
			isa = PBXGroup;
			children = (
			);
			path = View;
			sourceTree = "<group>";
		};
		996D0E7F2C0897E400CEAC6B /* ViewModel */ = {
			isa = PBXGroup;
			children = (
				996D0E832C08984000CEAC6B /* AuthViewModel.swift */,
			);
			path = ViewModel;
			sourceTree = "<group>";
		};
		996D0E802C0897F300CEAC6B /* Controller */ = {
			isa = PBXGroup;
			children = (
				996D0E852C0898D700CEAC6B /* AuthViewController.swift */,
			);
			path = Controller;
			sourceTree = "<group>";
		};
/* End PBXGroup section */

/* Begin PBXNativeTarget section */
		996D0E652C0897B100CEAC6B /* EmirBitirme */ = {
			isa = PBXNativeTarget;
			buildConfigurationList = 996D0E7A2C0897B500CEAC6B /* Build configuration list for PBXNativeTarget "EmirBitirme" */;
			buildPhases = (
				996D0E622C0897B100CEAC6B /* Sources */,
				996D0E632C0897B100CEAC6B /* Frameworks */,
				996D0E642C0897B100CEAC6B /* Resources */,
			);
			buildRules = (
			);
			dependencies = (
			);
			name = EmirBitirme;
			productName = EmirBitirme;
			productReference = 996D0E662C0897B100CEAC6B /* EmirBitirme.app */;
			productType = "com.apple.product-type.application";
		};
/* End PBXNativeTarget section */

/* Begin PBXProject section */
		996D0E5E2C0897B100CEAC6B /* Project object */ = {
			isa = PBXProject;
			attributes = {
				BuildIndependentTargetsInParallel = 1;
				LastSwiftUpdateCheck = 1430;
				LastUpgradeCheck = 1430;
				TargetAttributes = {
					996D0E652C0897B100CEAC6B = {
						CreatedOnToolsVersion = 14.3;
					};
				};
			};
			buildConfigurationList = 996D0E612C0897B100CEAC6B /* Build configuration list for PBXProject "EmirBitirme" */;
			compatibilityVersion = "Xcode 14.0";
			developmentRegion = en;
			hasScannedForEncodings = 0;
			knownRegions = (
				en,
				Base,
			);
			mainGroup = 996D0E5D2C0897B100CEAC6B;
			productRefGroup = 996D0E672C0897B100CEAC6B /* Products */;
			projectDirPath = "";
			projectRoot = "";
			targets = (
				996D0E652C0897B100CEAC6B /* EmirBitirme */,
			);
		};
/* End PBXProject section */

/* Begin PBXResourcesBuildPhase section */
		996D0E642C0897B100CEAC6B /* Resources */ = {
			isa = PBXResourcesBuildPhase;
			buildActionMask = 2147483647;
			files = (
				996D0E762C0897B500CEAC6B /* LaunchScreen.storyboard in Resources */,
				996D0E732C0897B500CEAC6B /* Assets.xcassets in Resources */,
				996D0E712C0897B100CEAC6B /* Main.storyboard in Resources */,
			);
			runOnlyForDeploymentPostprocessing = 0;
		};
/* End PBXResourcesBuildPhase section */

/* Begin PBXSourcesBuildPhase section */
		996D0E622C0897B100CEAC6B /* Sources */ = {
			isa = PBXSourcesBuildPhase;
			buildActionMask = 2147483647;
			files = (
				996D0E842C08984000CEAC6B /* AuthViewModel.swift in Sources */,
				996D0E6E2C0897B100CEAC6B /* ViewController.swift in Sources */,
				996D0E822C08982900CEAC6B /* User.swift in Sources */,
				996D0E6A2C0897B100CEAC6B /* AppDelegate.swift in Sources */,
				996D0E862C0898D700CEAC6B /* AuthViewController.swift in Sources */,
				996D0E6C2C0897B100CEAC6B /* SceneDelegate.swift in Sources */,
			);
			runOnlyForDeploymentPostprocessing = 0;
		};
/* End PBXSourcesBuildPhase section */

/* Begin PBXVariantGroup section */
		996D0E6F2C0897B100CEAC6B /* Main.storyboard */ = {
			isa = PBXVariantGroup;
			children = (
				996D0E702C0897B100CEAC6B /* Base */,
			);
			name = Main.storyboard;
			sourceTree = "<group>";
		};
		996D0E742C0897B500CEAC6B /* LaunchScreen.storyboard */ = {
			isa = PBXVariantGroup;
			children = (
				996D0E752C0897B500CEAC6B /* Base */,
			);
			name = LaunchScreen.storyboard;
			sourceTree = "<group>";
		};
/* End PBXVariantGroup section */

/* Begin XCBuildConfiguration section */
		996D0E782C0897B500CEAC6B /* Debug */ = {
			isa = XCBuildConfiguration;
			buildSettings = {
				ALWAYS_SEARCH_USER_PATHS = NO;
				CLANG_ANALYZER_NONNULL = YES;
				CLANG_ANALYZER_NUMBER_OBJECT_CONVERSION = YES_AGGRESSIVE;
				CLANG_CXX_LANGUAGE_STANDARD = "gnu++20";
				CLANG_ENABLE_MODULES = YES;
				CLANG_ENABLE_OBJC_ARC = YES;
				CLANG_ENABLE_OBJC_WEAK = YES;
				CLANG_WARN_BLOCK_CAPTURE_AUTORELEASING = YES;
				CLANG_WARN_BOOL_CONVERSION = YES;
				CLANG_WARN_COMMA = YES;
				CLANG_WARN_CONSTANT_CONVERSION = YES;
				CLANG_WARN_DEPRECATED_OBJC_IMPLEMENTATIONS = YES;
				CLANG_WARN_DIRECT_OBJC_ISA_USAGE = YES_ERROR;
				CLANG_WARN_DOCUMENTATION_COMMENTS = YES;
				CLANG_WARN_EMPTY_BODY = YES;
				CLANG_WARN_ENUM_CONVERSION = YES;
				CLANG_WARN_INFINITE_RECURSION = YES;
				CLANG_WARN_INT_CONVERSION = YES;
				CLANG_WARN_NON_LITERAL_NULL_CONVERSION = YES;
				CLANG_WARN_OBJC_IMPLICIT_RETAIN_SELF = YES;
				CLANG_WARN_OBJC_LITERAL_CONVERSION = YES;
				CLANG_WARN_OBJC_ROOT_CLASS = YES_ERROR;
				CLANG_WARN_QUOTED_INCLUDE_IN_FRAMEWORK_HEADER = YES;
				CLANG_WARN_RANGE_LOOP_ANALYSIS = YES;
				CLANG_WARN_STRICT_PROTOTYPES = YES;
				CLANG_WARN_SUSPICIOUS_MOVE = YES;
				CLANG_WARN_UNGUARDED_AVAILABILITY = YES_AGGRESSIVE;
				CLANG_WARN_UNREACHABLE_CODE = YES;
				CLANG_WARN__DUPLICATE_METHOD_MATCH = YES;
				COPY_PHASE_STRIP = NO;
				DEBUG_INFORMATION_FORMAT = dwarf;
				ENABLE_STRICT_OBJC_MSGSEND = YES;
				ENABLE_TESTABILITY = YES;
				GCC_C_LANGUAGE_STANDARD = gnu11;
				GCC_DYNAMIC_NO_PIC = NO;
				GCC_NO_COMMON_BLOCKS = YES;
				GCC_OPTIMIZATION_LEVEL = 0;
				GCC_PREPROCESSOR_DEFINITIONS = (
					"DEBUG=1",
					"$(inherited)",
				);
				GCC_WARN_64_TO_32_BIT_CONVERSION = YES;
				GCC_WARN_ABOUT_RETURN_TYPE = YES_ERROR;
				GCC_WARN_UNDECLARED_SELECTOR = YES;
				GCC_WARN_UNINITIALIZED_AUTOS = YES_AGGRESSIVE;
				GCC_WARN_UNUSED_FUNCTION = YES;
				GCC_WARN_UNUSED_VARIABLE = YES;
				IPHONEOS_DEPLOYMENT_TARGET = 16.4;
				MTL_ENABLE_DEBUG_INFO = INCLUDE_SOURCE;
				MTL_FAST_MATH = YES;
				ONLY_ACTIVE_ARCH = YES;
				SDKROOT = iphoneos;
				SWIFT_ACTIVE_COMPILATION_CONDITIONS = DEBUG;
				SWIFT_OPTIMIZATION_LEVEL = "-Onone";
			};
			name = Debug;
		};
		996D0E792C0897B500CEAC6B /* Release */ = {
			isa = XCBuildConfiguration;
			buildSettings = {
				ALWAYS_SEARCH_USER_PATHS = NO;
				CLANG_ANALYZER_NONNULL = YES;
				CLANG_ANALYZER_NUMBER_OBJECT_CONVERSION = YES_AGGRESSIVE;
				CLANG_CXX_LANGUAGE_STANDARD = "gnu++20";
				CLANG_ENABLE_MODULES = YES;
				CLANG_ENABLE_OBJC_ARC = YES;
				CLANG_ENABLE_OBJC_WEAK = YES;
				CLANG_WARN_BLOCK_CAPTURE_AUTORELEASING = YES;
				CLANG_WARN_BOOL_CONVERSION = YES;
				CLANG_WARN_COMMA = YES;
				CLANG_WARN_CONSTANT_CONVERSION = YES;
				CLANG_WARN_DEPRECATED_OBJC_IMPLEMENTATIONS = YES;
				CLANG_WARN_DIRECT_OBJC_ISA_USAGE = YES_ERROR;
				CLANG_WARN_DOCUMENTATION_COMMENTS = YES;
				CLANG_WARN_EMPTY_BODY = YES;
				CLANG_WARN_ENUM_CONVERSION = YES;
				CLANG_WARN_INFINITE_RECURSION = YES;
				CLANG_WARN_INT_CONVERSION = YES;
				CLANG_WARN_NON_LITERAL_NULL_CONVERSION = YES;
				CLANG_WARN_OBJC_IMPLICIT_RETAIN_SELF = YES;
				CLANG_WARN_OBJC_LITERAL_CONVERSION = YES;
				CLANG_WARN_OBJC_ROOT_CLASS = YES_ERROR;
				CLANG_WARN_QUOTED_INCLUDE_IN_FRAMEWORK_HEADER = YES;
				CLANG_WARN_RANGE_LOOP_ANALYSIS = YES;
				CLANG_WARN_STRICT_PROTOTYPES = YES;
				CLANG_WARN_SUSPICIOUS_MOVE = YES;
				CLANG_WARN_UNGUARDED_AVAILABILITY = YES_AGGRESSIVE;
				CLANG_WARN_UNREACHABLE_CODE = YES;
				CLANG_WARN__DUPLICATE_METHOD_MATCH = YES;
				COPY_PHASE_STRIP = NO;
				DEBUG_INFORMATION_FORMAT = "dwarf-with-dsym";
				ENABLE_NS_ASSERTIONS = NO;
				ENABLE_STRICT_OBJC_MSGSEND = YES;
				GCC_C_LANGUAGE_STANDARD = gnu11;
				GCC_NO_COMMON_BLOCKS = YES;
				GCC_WARN_64_TO_32_BIT_CONVERSION = YES;
				GCC_WARN_ABOUT_RETURN_TYPE = YES_ERROR;
				GCC_WARN_UNDECLARED_SELECTOR = YES;
				GCC_WARN_UNINITIALIZED_AUTOS = YES_AGGRESSIVE;
				GCC_WARN_UNUSED_FUNCTION = YES;
				GCC_WARN_UNUSED_VARIABLE = YES;
				IPHONEOS_DEPLOYMENT_TARGET = 16.4;
				MTL_ENABLE_DEBUG_INFO = NO;
				MTL_FAST_MATH = YES;
				SDKROOT = iphoneos;
				SWIFT_COMPILATION_MODE = wholemodule;
				SWIFT_OPTIMIZATION_LEVEL = "-O";
				VALIDATE_PRODUCT = YES;
			};
			name = Release;
		};
		996D0E7B2C0897B500CEAC6B /* Debug */ = {
			isa = XCBuildConfiguration;
			buildSettings = {
				ASSETCATALOG_COMPILER_APPICON_NAME = AppIcon;
				ASSETCATALOG_COMPILER_GLOBAL_ACCENT_COLOR_NAME = AccentColor;
				CODE_SIGN_STYLE = Automatic;
				CURRENT_PROJECT_VERSION = 1;
				DEVELOPMENT_TEAM = 5S86AYA99Q;
				GENERATE_INFOPLIST_FILE = YES;
				INFOPLIST_FILE = EmirBitirme/Info.plist;
				INFOPLIST_KEY_UIApplicationSupportsIndirectInputEvents = YES;
				INFOPLIST_KEY_UILaunchStoryboardName = LaunchScreen;
				INFOPLIST_KEY_UIMainStoryboardFile = Main;
				INFOPLIST_KEY_UISupportedInterfaceOrientations_iPad = "UIInterfaceOrientationPortrait UIInterfaceOrientationPortraitUpsideDown UIInterfaceOrientationLandscapeLeft UIInterfaceOrientationLandscapeRight";
				INFOPLIST_KEY_UISupportedInterfaceOrientations_iPhone = "UIInterfaceOrientationPortrait UIInterfaceOrientationLandscapeLeft UIInterfaceOrientationLandscapeRight";
				LD_RUNPATH_SEARCH_PATHS = (
					"$(inherited)",
					"@executable_path/Frameworks",
				);
				MARKETING_VERSION = 1.0;
				PRODUCT_BUNDLE_IDENTIFIER = com.emirrocak.EmirBitirme;
				PRODUCT_NAME = "$(TARGET_NAME)";
				SWIFT_EMIT_LOC_STRINGS = YES;
				SWIFT_VERSION = 5.0;
				TARGETED_DEVICE_FAMILY = "1,2";
			};
			name = Debug;
		};
		996D0E7C2C0897B500CEAC6B /* Release */ = {
			isa = XCBuildConfiguration;
			buildSettings = {
				ASSETCATALOG_COMPILER_APPICON_NAME = AppIcon;
				ASSETCATALOG_COMPILER_GLOBAL_ACCENT_COLOR_NAME = AccentColor;
				CODE_SIGN_STYLE = Automatic;
				CURRENT_PROJECT_VERSION = 1;
				DEVELOPMENT_TEAM = 5S86AYA99Q;
				GENERATE_INFOPLIST_FILE = YES;
				INFOPLIST_FILE = EmirBitirme/Info.plist;
				INFOPLIST_KEY_UIApplicationSupportsIndirectInputEvents = YES;
				INFOPLIST_KEY_UILaunchStoryboardName = LaunchScreen;
				INFOPLIST_KEY_UIMainStoryboardFile = Main;
				INFOPLIST_KEY_UISupportedInterfaceOrientations_iPad = "UIInterfaceOrientationPortrait UIInterfaceOrientationPortraitUpsideDown UIInterfaceOrientationLandscapeLeft UIInterfaceOrientationLandscapeRight";
				INFOPLIST_KEY_UISupportedInterfaceOrientations_iPhone = "UIInterfaceOrientationPortrait UIInterfaceOrientationLandscapeLeft UIInterfaceOrientationLandscapeRight";
				LD_RUNPATH_SEARCH_PATHS = (
					"$(inherited)",
					"@executable_path/Frameworks",
				);
				MARKETING_VERSION = 1.0;
				PRODUCT_BUNDLE_IDENTIFIER = com.emirrocak.EmirBitirme;
				PRODUCT_NAME = "$(TARGET_NAME)";
				SWIFT_EMIT_LOC_STRINGS = YES;
				SWIFT_VERSION = 5.0;
				TARGETED_DEVICE_FAMILY = "1,2";
			};
			name = Release;
		};
/* End XCBuildConfiguration section */

/* Begin XCConfigurationList section */
		996D0E612C0897B100CEAC6B /* Build configuration list for PBXProject "EmirBitirme" */ = {
			isa = XCConfigurationList;
			buildConfigurations = (
				996D0E782C0897B500CEAC6B /* Debug */,
				996D0E792C0897B500CEAC6B /* Release */,
			);
			defaultConfigurationIsVisible = 0;
			defaultConfigurationName = Release;
		};
		996D0E7A2C0897B500CEAC6B /* Build configuration list for PBXNativeTarget "EmirBitirme" */ = {
			isa = XCConfigurationList;
			buildConfigurations = (
				996D0E7B2C0897B500CEAC6B /* Debug */,
				996D0E7C2C0897B500CEAC6B /* Release */,
			);
			defaultConfigurationIsVisible = 0;
			defaultConfigurationName = Release;
		};
/* End XCConfigurationList section */
	};
	rootObject = 996D0E5E2C0897B100CEAC6B /* Project object */;
}
